
Microsoft Visual Studio Solution File, Format Version 12.00
# Visual Studio Version 17
VisualStudioVersion = 17.11.35222.181
MinimumVisualStudioVersion = 10.0.40219.1
Project("{FAE04EC0-301F-11D3-BF4B-00C04F79EFBC}") = "Prac5_Task4", "Prac5_Task4\Prac5_Task4.csproj", "{0BE1E91B-BA70-4118-88BB-B35D5DF32DEB}"
EndProject
Global
	GlobalSection(SolutionConfigurationPlatforms) = preSolution
		Debug|Any CPU = Debug|Any CPU
		Release|Any CPU = Release|Any CPU
	EndGlobalSection
	GlobalSection(ProjectConfigurationPlatforms) = postSolution
		{0BE1E91B-BA70-4118-88BB-B35D5DF32DEB}.Debug|Any CPU.ActiveCfg = Debug|Any CPU
		{0BE1E91B-BA70-4118-88BB-B35D5DF32DEB}.Debug|Any CPU.Build.0 = Debug|Any CPU
		{0BE1E91B-BA70-4118-88BB-B35D5DF32DEB}.Release|Any CPU.ActiveCfg = Release|Any CPU
		{0BE1E91B-BA70-4118-88BB-B35D5DF32DEB}.Release|Any CPU.Build.0 = Release|Any CPU
	EndGlobalSection
	GlobalSection(SolutionProperties) = preSolution
		HideSolutionNode = FALSE
	EndGlobalSection
	GlobalSection(ExtensibilityGlobals) = postSolution
		SolutionGuid = {44D9F487-C9F4-405F-A918-B7D99EAA94F1}
	EndGlobalSection
EndGlobal
