
Microsoft Visual Studio Solution File, Format Version 12.00
# Visual Studio Version 17
VisualStudioVersion = 17.11.35222.181
MinimumVisualStudioVersion = 10.0.40219.1
Project("{FAE04EC0-301F-11D3-BF4B-00C04F79EFBC}") = "HelloAppForm", "HelloAppForm\HelloAppForm.csproj", "{7853773A-2C83-426D-887D-0F044E981333}"
EndProject
Global
	GlobalSection(SolutionConfigurationPlatforms) = preSolution
		Debug|Any CPU = Debug|Any CPU
		Release|Any CPU = Release|Any CPU
	EndGlobalSection
	GlobalSection(ProjectConfigurationPlatforms) = postSolution
		{7853773A-2C83-426D-887D-0F044E981333}.Debug|Any CPU.ActiveCfg = Debug|Any CPU
		{7853773A-2C83-426D-887D-0F044E981333}.Debug|Any CPU.Build.0 = Debug|Any CPU
		{7853773A-2C83-426D-887D-0F044E981333}.Release|Any CPU.ActiveCfg = Release|Any CPU
		{7853773A-2C83-426D-887D-0F044E981333}.Release|Any CPU.Build.0 = Release|Any CPU
	EndGlobalSection
	GlobalSection(SolutionProperties) = preSolution
		HideSolutionNode = FALSE
	EndGlobalSection
	GlobalSection(ExtensibilityGlobals) = postSolution
		SolutionGuid = {2228E86B-223A-47D2-8E4F-8B55D26CE4F9}
	EndGlobalSection
EndGlobal
