
Microsoft Visual Studio Solution File, Format Version 12.00
# Visual Studio Version 17
VisualStudioVersion = 17.11.35222.181
MinimumVisualStudioVersion = 10.0.40219.1
Project("{FAE04EC0-301F-11D3-BF4B-00C04F79EFBC}") = "Prac5_Task3", "Prac5_Task3\Prac5_Task3.csproj", "{0AED31E4-2D17-4141-BD78-DDDB4FCB9921}"
EndProject
Global
	GlobalSection(SolutionConfigurationPlatforms) = preSolution
		Debug|Any CPU = Debug|Any CPU
		Release|Any CPU = Release|Any CPU
	EndGlobalSection
	GlobalSection(ProjectConfigurationPlatforms) = postSolution
		{0AED31E4-2D17-4141-BD78-DDDB4FCB9921}.Debug|Any CPU.ActiveCfg = Debug|Any CPU
		{0AED31E4-2D17-4141-BD78-DDDB4FCB9921}.Debug|Any CPU.Build.0 = Debug|Any CPU
		{0AED31E4-2D17-4141-BD78-DDDB4FCB9921}.Release|Any CPU.ActiveCfg = Release|Any CPU
		{0AED31E4-2D17-4141-BD78-DDDB4FCB9921}.Release|Any CPU.Build.0 = Release|Any CPU
	EndGlobalSection
	GlobalSection(SolutionProperties) = preSolution
		HideSolutionNode = FALSE
	EndGlobalSection
	GlobalSection(ExtensibilityGlobals) = postSolution
		SolutionGuid = {34B7D23C-66B8-468A-A218-9EDE1C8D31EA}
	EndGlobalSection
EndGlobal
