
Microsoft Visual Studio Solution File, Format Version 12.00
# Visual Studio Version 17
VisualStudioVersion = 17.11.35222.181
MinimumVisualStudioVersion = 10.0.40219.1
Project("{FAE04EC0-301F-11D3-BF4B-00C04F79EFBC}") = "ConsoleApp3_Lab2_Var9", "ConsoleApp3_Lab2_Var9\ConsoleApp3_Lab2_Var9.csproj", "{6AF8982C-D6E6-471F-8AD4-EC13F2A9678D}"
EndProject
Global
	GlobalSection(SolutionConfigurationPlatforms) = preSolution
		Debug|Any CPU = Debug|Any CPU
		Release|Any CPU = Release|Any CPU
	EndGlobalSection
	GlobalSection(ProjectConfigurationPlatforms) = postSolution
		{6AF8982C-D6E6-471F-8AD4-EC13F2A9678D}.Debug|Any CPU.ActiveCfg = Debug|Any CPU
		{6AF8982C-D6E6-471F-8AD4-EC13F2A9678D}.Debug|Any CPU.Build.0 = Debug|Any CPU
		{6AF8982C-D6E6-471F-8AD4-EC13F2A9678D}.Release|Any CPU.ActiveCfg = Release|Any CPU
		{6AF8982C-D6E6-471F-8AD4-EC13F2A9678D}.Release|Any CPU.Build.0 = Release|Any CPU
	EndGlobalSection
	GlobalSection(SolutionProperties) = preSolution
		HideSolutionNode = FALSE
	EndGlobalSection
	GlobalSection(ExtensibilityGlobals) = postSolution
		SolutionGuid = {F1C33467-FC64-4723-BA2C-12C040062507}
	EndGlobalSection
EndGlobal
