
Microsoft Visual Studio Solution File, Format Version 12.00
# Visual Studio Version 17
VisualStudioVersion = 17.11.35222.181
MinimumVisualStudioVersion = 10.0.40219.1
Project("{F184B08F-C81C-45F6-A57F-5ABD9991F28F}") = "WinFormsExample", "WinFormsExample\WinFormsExample.vbproj", "{643ED673-AF04-41DC-8F5B-67F99F6E408C}"
EndProject
Global
	GlobalSection(SolutionConfigurationPlatforms) = preSolution
		Debug|Any CPU = Debug|Any CPU
		Release|Any CPU = Release|Any CPU
	EndGlobalSection
	GlobalSection(ProjectConfigurationPlatforms) = postSolution
		{643ED673-AF04-41DC-8F5B-67F99F6E408C}.Debug|Any CPU.ActiveCfg = Debug|Any CPU
		{643ED673-AF04-41DC-8F5B-67F99F6E408C}.Debug|Any CPU.Build.0 = Debug|Any CPU
		{643ED673-AF04-41DC-8F5B-67F99F6E408C}.Release|Any CPU.ActiveCfg = Release|Any CPU
		{643ED673-AF04-41DC-8F5B-67F99F6E408C}.Release|Any CPU.Build.0 = Release|Any CPU
	EndGlobalSection
	GlobalSection(SolutionProperties) = preSolution
		HideSolutionNode = FALSE
	EndGlobalSection
	GlobalSection(ExtensibilityGlobals) = postSolution
		SolutionGuid = {69F6E32A-A9E7-42BB-9C2D-ED38AAFED960}
	EndGlobalSection
EndGlobal
