
Microsoft Visual Studio Solution File, Format Version 12.00
# Visual Studio Version 17
VisualStudioVersion = 17.11.35222.181
MinimumVisualStudioVersion = 10.0.40219.1
Project("{FAE04EC0-301F-11D3-BF4B-00C04F79EFBC}") = "Example1", "Example1\Example1.csproj", "{EB91C966-3BC8-4FBC-B7C0-C8CE5DB38FAF}"
EndProject
Global
	GlobalSection(SolutionConfigurationPlatforms) = preSolution
		Debug|Any CPU = Debug|Any CPU
		Release|Any CPU = Release|Any CPU
	EndGlobalSection
	GlobalSection(ProjectConfigurationPlatforms) = postSolution
		{EB91C966-3BC8-4FBC-B7C0-C8CE5DB38FAF}.Debug|Any CPU.ActiveCfg = Debug|Any CPU
		{EB91C966-3BC8-4FBC-B7C0-C8CE5DB38FAF}.Debug|Any CPU.Build.0 = Debug|Any CPU
		{EB91C966-3BC8-4FBC-B7C0-C8CE5DB38FAF}.Release|Any CPU.ActiveCfg = Release|Any CPU
		{EB91C966-3BC8-4FBC-B7C0-C8CE5DB38FAF}.Release|Any CPU.Build.0 = Release|Any CPU
	EndGlobalSection
	GlobalSection(SolutionProperties) = preSolution
		HideSolutionNode = FALSE
	EndGlobalSection
	GlobalSection(ExtensibilityGlobals) = postSolution
		SolutionGuid = {DFB2EA6E-C667-4DC9-8680-D231F74E8E65}
	EndGlobalSection
EndGlobal
