
Microsoft Visual Studio Solution File, Format Version 12.00
# Visual Studio Version 17
VisualStudioVersion = 17.11.35222.181
MinimumVisualStudioVersion = 10.0.40219.1
Project("{FAE04EC0-301F-11D3-BF4B-00C04F79EFBC}") = "Lab4_2_Task_3", "Lab4_2_Task_3\Lab4_2_Task_3.csproj", "{C7839121-BB6B-4CD3-AA33-53BB22AA312F}"
EndProject
Global
	GlobalSection(SolutionConfigurationPlatforms) = preSolution
		Debug|Any CPU = Debug|Any CPU
		Release|Any CPU = Release|Any CPU
	EndGlobalSection
	GlobalSection(ProjectConfigurationPlatforms) = postSolution
		{C7839121-BB6B-4CD3-AA33-53BB22AA312F}.Debug|Any CPU.ActiveCfg = Debug|Any CPU
		{C7839121-BB6B-4CD3-AA33-53BB22AA312F}.Debug|Any CPU.Build.0 = Debug|Any CPU
		{C7839121-BB6B-4CD3-AA33-53BB22AA312F}.Release|Any CPU.ActiveCfg = Release|Any CPU
		{C7839121-BB6B-4CD3-AA33-53BB22AA312F}.Release|Any CPU.Build.0 = Release|Any CPU
	EndGlobalSection
	GlobalSection(SolutionProperties) = preSolution
		HideSolutionNode = FALSE
	EndGlobalSection
	GlobalSection(ExtensibilityGlobals) = postSolution
		SolutionGuid = {297E22D4-6D0D-4502-9CF5-58607B9E9291}
	EndGlobalSection
EndGlobal
