
Microsoft Visual Studio Solution File, Format Version 12.00
# Visual Studio Version 17
VisualStudioVersion = 17.11.35222.181
MinimumVisualStudioVersion = 10.0.40219.1
Project("{FAE04EC0-301F-11D3-BF4B-00C04F79EFBC}") = "pw_Task4_Var19", "pw_Task4_Var19\pw_Task4_Var19.csproj", "{01B12254-AACC-43F4-9A89-58C03EF0BA53}"
EndProject
Global
	GlobalSection(SolutionConfigurationPlatforms) = preSolution
		Debug|Any CPU = Debug|Any CPU
		Release|Any CPU = Release|Any CPU
	EndGlobalSection
	GlobalSection(ProjectConfigurationPlatforms) = postSolution
		{01B12254-AACC-43F4-9A89-58C03EF0BA53}.Debug|Any CPU.ActiveCfg = Debug|Any CPU
		{01B12254-AACC-43F4-9A89-58C03EF0BA53}.Debug|Any CPU.Build.0 = Debug|Any CPU
		{01B12254-AACC-43F4-9A89-58C03EF0BA53}.Release|Any CPU.ActiveCfg = Release|Any CPU
		{01B12254-AACC-43F4-9A89-58C03EF0BA53}.Release|Any CPU.Build.0 = Release|Any CPU
	EndGlobalSection
	GlobalSection(SolutionProperties) = preSolution
		HideSolutionNode = FALSE
	EndGlobalSection
	GlobalSection(ExtensibilityGlobals) = postSolution
		SolutionGuid = {ABF0B85A-537C-4FD5-BDD3-A9D371C8E888}
	EndGlobalSection
EndGlobal
