
Microsoft Visual Studio Solution File, Format Version 12.00
# Visual Studio Version 17
VisualStudioVersion = 17.11.35222.181
MinimumVisualStudioVersion = 10.0.40219.1
Project("{FAE04EC0-301F-11D3-BF4B-00C04F79EFBC}") = "Lab7_Var9", "Lab7_Var9\Lab7_Var9.csproj", "{7B7EEBAF-676B-49B4-9BCB-462D05C25105}"
EndProject
Global
	GlobalSection(SolutionConfigurationPlatforms) = preSolution
		Debug|Any CPU = Debug|Any CPU
		Release|Any CPU = Release|Any CPU
	EndGlobalSection
	GlobalSection(ProjectConfigurationPlatforms) = postSolution
		{7B7EEBAF-676B-49B4-9BCB-462D05C25105}.Debug|Any CPU.ActiveCfg = Debug|Any CPU
		{7B7EEBAF-676B-49B4-9BCB-462D05C25105}.Debug|Any CPU.Build.0 = Debug|Any CPU
		{7B7EEBAF-676B-49B4-9BCB-462D05C25105}.Release|Any CPU.ActiveCfg = Release|Any CPU
		{7B7EEBAF-676B-49B4-9BCB-462D05C25105}.Release|Any CPU.Build.0 = Release|Any CPU
	EndGlobalSection
	GlobalSection(SolutionProperties) = preSolution
		HideSolutionNode = FALSE
	EndGlobalSection
	GlobalSection(ExtensibilityGlobals) = postSolution
		SolutionGuid = {6BF9CD22-FBBD-4279-8975-8BF74BB28D77}
	EndGlobalSection
EndGlobal
