
Microsoft Visual Studio Solution File, Format Version 12.00
# Visual Studio Version 17
VisualStudioVersion = 17.11.35222.181
MinimumVisualStudioVersion = 10.0.40219.1
Project("{FAE04EC0-301F-11D3-BF4B-00C04F79EFBC}") = "WinFormsApp4", "WinFormsApp4\WinFormsApp4.csproj", "{6C008DC8-3DD2-4D19-8232-9A837910C409}"
EndProject
Global
	GlobalSection(SolutionConfigurationPlatforms) = preSolution
		Debug|Any CPU = Debug|Any CPU
		Release|Any CPU = Release|Any CPU
	EndGlobalSection
	GlobalSection(ProjectConfigurationPlatforms) = postSolution
		{6C008DC8-3DD2-4D19-8232-9A837910C409}.Debug|Any CPU.ActiveCfg = Debug|Any CPU
		{6C008DC8-3DD2-4D19-8232-9A837910C409}.Debug|Any CPU.Build.0 = Debug|Any CPU
		{6C008DC8-3DD2-4D19-8232-9A837910C409}.Release|Any CPU.ActiveCfg = Release|Any CPU
		{6C008DC8-3DD2-4D19-8232-9A837910C409}.Release|Any CPU.Build.0 = Release|Any CPU
	EndGlobalSection
	GlobalSection(SolutionProperties) = preSolution
		HideSolutionNode = FALSE
	EndGlobalSection
	GlobalSection(ExtensibilityGlobals) = postSolution
		SolutionGuid = {143081CA-C5C3-41FA-A41C-82EE2F56BFAE}
	EndGlobalSection
EndGlobal
