
Microsoft Visual Studio Solution File, Format Version 12.00
# Visual Studio Version 17
VisualStudioVersion = 17.11.35222.181
MinimumVisualStudioVersion = 10.0.40219.1
Project("{FAE04EC0-301F-11D3-BF4B-00C04F79EFBC}") = "Lab2_Task2", "Lab2_Task2\Lab2_Task2.csproj", "{953A8552-2DC3-4123-AB7C-FC5D9D89DE48}"
EndProject
Global
	GlobalSection(SolutionConfigurationPlatforms) = preSolution
		Debug|Any CPU = Debug|Any CPU
		Release|Any CPU = Release|Any CPU
	EndGlobalSection
	GlobalSection(ProjectConfigurationPlatforms) = postSolution
		{953A8552-2DC3-4123-AB7C-FC5D9D89DE48}.Debug|Any CPU.ActiveCfg = Debug|Any CPU
		{953A8552-2DC3-4123-AB7C-FC5D9D89DE48}.Debug|Any CPU.Build.0 = Debug|Any CPU
		{953A8552-2DC3-4123-AB7C-FC5D9D89DE48}.Release|Any CPU.ActiveCfg = Release|Any CPU
		{953A8552-2DC3-4123-AB7C-FC5D9D89DE48}.Release|Any CPU.Build.0 = Release|Any CPU
	EndGlobalSection
	GlobalSection(SolutionProperties) = preSolution
		HideSolutionNode = FALSE
	EndGlobalSection
	GlobalSection(ExtensibilityGlobals) = postSolution
		SolutionGuid = {F30C079E-9027-4DFC-A9B7-DC30067D1B71}
	EndGlobalSection
EndGlobal
