
Microsoft Visual Studio Solution File, Format Version 12.00
# Visual Studio Version 17
VisualStudioVersion = 17.11.35222.181
MinimumVisualStudioVersion = 10.0.40219.1
Project("{FAE04EC0-301F-11D3-BF4B-00C04F79EFBC}") = "pw_Task5_Var19", "pw_Task5_Var19\pw_Task5_Var19.csproj", "{DB21C99C-8248-484D-AEFE-15D14EE2F7E1}"
EndProject
Global
	GlobalSection(SolutionConfigurationPlatforms) = preSolution
		Debug|Any CPU = Debug|Any CPU
		Release|Any CPU = Release|Any CPU
	EndGlobalSection
	GlobalSection(ProjectConfigurationPlatforms) = postSolution
		{DB21C99C-8248-484D-AEFE-15D14EE2F7E1}.Debug|Any CPU.ActiveCfg = Debug|Any CPU
		{DB21C99C-8248-484D-AEFE-15D14EE2F7E1}.Debug|Any CPU.Build.0 = Debug|Any CPU
		{DB21C99C-8248-484D-AEFE-15D14EE2F7E1}.Release|Any CPU.ActiveCfg = Release|Any CPU
		{DB21C99C-8248-484D-AEFE-15D14EE2F7E1}.Release|Any CPU.Build.0 = Release|Any CPU
	EndGlobalSection
	GlobalSection(SolutionProperties) = preSolution
		HideSolutionNode = FALSE
	EndGlobalSection
	GlobalSection(ExtensibilityGlobals) = postSolution
		SolutionGuid = {54A42707-1A90-4C3E-B42B-4DEB7984A8F5}
	EndGlobalSection
EndGlobal
