
Microsoft Visual Studio Solution File, Format Version 12.00
# Visual Studio Version 17
VisualStudioVersion = 17.11.35222.181
MinimumVisualStudioVersion = 10.0.40219.1
Project("{FAE04EC0-301F-11D3-BF4B-00C04F79EFBC}") = "Lab6_Task2", "Lab6_Task2\Lab6_Task2.csproj", "{03533C57-8BF0-4E5D-B95C-E1C9AE6A5BAF}"
EndProject
Global
	GlobalSection(SolutionConfigurationPlatforms) = preSolution
		Debug|Any CPU = Debug|Any CPU
		Release|Any CPU = Release|Any CPU
	EndGlobalSection
	GlobalSection(ProjectConfigurationPlatforms) = postSolution
		{03533C57-8BF0-4E5D-B95C-E1C9AE6A5BAF}.Debug|Any CPU.ActiveCfg = Debug|Any CPU
		{03533C57-8BF0-4E5D-B95C-E1C9AE6A5BAF}.Debug|Any CPU.Build.0 = Debug|Any CPU
		{03533C57-8BF0-4E5D-B95C-E1C9AE6A5BAF}.Release|Any CPU.ActiveCfg = Release|Any CPU
		{03533C57-8BF0-4E5D-B95C-E1C9AE6A5BAF}.Release|Any CPU.Build.0 = Release|Any CPU
	EndGlobalSection
	GlobalSection(SolutionProperties) = preSolution
		HideSolutionNode = FALSE
	EndGlobalSection
	GlobalSection(ExtensibilityGlobals) = postSolution
		SolutionGuid = {511E89E9-944D-4A7F-A50B-B94AB7B3CC98}
	EndGlobalSection
EndGlobal
