
Microsoft Visual Studio Solution File, Format Version 12.00
# Visual Studio Version 17
VisualStudioVersion = 17.11.35222.181
MinimumVisualStudioVersion = 10.0.40219.1
Project("{FAE04EC0-301F-11D3-BF4B-00C04F79EFBC}") = "Lab4", "Lab4\Lab4.csproj", "{F2289677-18C3-40FC-BDC6-69C5794EDA6C}"
EndProject
Global
	GlobalSection(SolutionConfigurationPlatforms) = preSolution
		Debug|Any CPU = Debug|Any CPU
		Release|Any CPU = Release|Any CPU
	EndGlobalSection
	GlobalSection(ProjectConfigurationPlatforms) = postSolution
		{F2289677-18C3-40FC-BDC6-69C5794EDA6C}.Debug|Any CPU.ActiveCfg = Debug|Any CPU
		{F2289677-18C3-40FC-BDC6-69C5794EDA6C}.Debug|Any CPU.Build.0 = Debug|Any CPU
		{F2289677-18C3-40FC-BDC6-69C5794EDA6C}.Release|Any CPU.ActiveCfg = Release|Any CPU
		{F2289677-18C3-40FC-BDC6-69C5794EDA6C}.Release|Any CPU.Build.0 = Release|Any CPU
	EndGlobalSection
	GlobalSection(SolutionProperties) = preSolution
		HideSolutionNode = FALSE
	EndGlobalSection
	GlobalSection(ExtensibilityGlobals) = postSolution
		SolutionGuid = {A6FAC4F5-AD6D-4B74-8C3A-B1A108C8666B}
	EndGlobalSection
EndGlobal
