
Microsoft Visual Studio Solution File, Format Version 12.00
# Visual Studio Version 17
VisualStudioVersion = 17.11.35222.181
MinimumVisualStudioVersion = 10.0.40219.1
Project("{FAE04EC0-301F-11D3-BF4B-00C04F79EFBC}") = "Lab8.2_Task1", "Lab8.2_Task1\Lab8.2_Task1.csproj", "{ADBF9A2E-D938-46B7-8D27-30CB1EE6FDCC}"
EndProject
Global
	GlobalSection(SolutionConfigurationPlatforms) = preSolution
		Debug|Any CPU = Debug|Any CPU
		Release|Any CPU = Release|Any CPU
	EndGlobalSection
	GlobalSection(ProjectConfigurationPlatforms) = postSolution
		{ADBF9A2E-D938-46B7-8D27-30CB1EE6FDCC}.Debug|Any CPU.ActiveCfg = Debug|Any CPU
		{ADBF9A2E-D938-46B7-8D27-30CB1EE6FDCC}.Debug|Any CPU.Build.0 = Debug|Any CPU
		{ADBF9A2E-D938-46B7-8D27-30CB1EE6FDCC}.Release|Any CPU.ActiveCfg = Release|Any CPU
		{ADBF9A2E-D938-46B7-8D27-30CB1EE6FDCC}.Release|Any CPU.Build.0 = Release|Any CPU
	EndGlobalSection
	GlobalSection(SolutionProperties) = preSolution
		HideSolutionNode = FALSE
	EndGlobalSection
	GlobalSection(ExtensibilityGlobals) = postSolution
		SolutionGuid = {2F420B75-61F1-41F1-9FC4-1D30CC4C0B7B}
	EndGlobalSection
EndGlobal
